{
  "name": "lib-vue",
  "version": "0.0.1",
  "lockfileVersion": 1,
  "requires": true,
  "dependencies": {
    "@fabnumdef/design-system": {
      "version": "github:fabnumdef/design-system#31b06d30142d89298fbe94345e74df4fc8dc0833",
      "from": "github:fabnumdef/design-system",
      "requires": {
        "buefy": "^0.7.3",
        "core-js": "^2.6.5",
        "vue": "^2.6.6"
      }
    },
    "buefy": {
      "version": "0.7.3",
      "resolved": "https://registry.npmjs.org/buefy/-/buefy-0.7.3.tgz",
      "integrity": "sha512-6PHKyDzU9BeExv9w5qcZJkjl9v73RWHeevWDRIZWD5TS4+dbmbzQ6z2EQc0sgbNHYesAgbX2Qd+xu5/KqDMFng==",
      "requires": {
        "bulma": "0.7.4"
      }
    },
    "bulma": {
      "version": "0.7.4",
      "resolved": "https://registry.npmjs.org/bulma/-/bulma-0.7.4.tgz",
      "integrity": "sha512-krG2rP6eAX1WE0sf6O0SC/FUVSOBX4m1PBC2+GKLpb2pX0qanaDqcv9U2nu75egFrsHkI0zdWYuk/oGwoszVWg=="
    },
    "core-js": {
      "version": "2.6.5",
      "resolved": "https://registry.npmjs.org/core-js/-/core-js-2.6.5.tgz",
      "integrity": "sha512-klh/kDpwX8hryYL14M9w/xei6vrv6sE8gTHDG7/T/+SEovB/G4ejwcfE/CBzO6Edsu+OETZMZ3wcX/EjUkrl5A=="
    },
    "vue": {
      "version": "2.6.10",
      "resolved": "https://registry.npmjs.org/vue/-/vue-2.6.10.tgz",
      "integrity": "sha512-ImThpeNU9HbdZL3utgMCq0oiMzAkt1mcgy3/E6zWC/G6AaQoeuFdsl9nDhTDU3X1R6FK7nsIUuRACVcjI+A2GQ=="
    }
  }
}
